{
  "name": "netlify-plugin-debug-cache",
  "version": "1.0.0",
  "lockfileVersion": 1,
  "requires": true,
  "dependencies": {
    "whats-in-the-cache": {
      "version": "1.0.0",
      "resolved": "https://registry.npmjs.org/whats-in-the-cache/-/whats-in-the-cache-1.0.0.tgz",
      "integrity": "sha512-JTHMWe3FkbU2RbkpQ+WdJDuLsAKHlW/lKKoWa1ftfRG/pjbHesuw/sdK04c6A3y28IINw8Cl5jNeZvF1oEiASQ=="
    }
  }
}
